
Microsoft Visual Studio Solution File, Format Version 12.00
# Visual Studio Version 16
VisualStudioVersion = 16.0.29613.14
MinimumVisualStudioVersion = 10.0.40219.1
Project("{FAE04EC0-301F-11D3-BF4B-00C04F79EFBC}") = "epam_task4", "epam_task4\epam_task4.csproj", "{9B56DAA6-1D29-4761-9261-FE5994091FBD}"
EndProject
Project("{FAE04EC0-301F-11D3-BF4B-00C04F79EFBC}") = "emulatorWFA", "emulatorWFA\emulatorWFA.csproj", "{98080723-0566-4D03-A981-7687E9FA62CE}"
EndProject
Project("{FAE04EC0-301F-11D3-BF4B-00C04F79EFBC}") = "fwService", "fwService\fwService.csproj", "{2CB21CC4-53E1-4748-8049-2869B6C77959}"
EndProject
Project("{FAE04EC0-301F-11D3-BF4B-00C04F79EFBC}") = "FileParser", "Dispatcher\FileParser.csproj", "{2024AEA4-F4E4-40EF-899E-C2D920C10FC9}"
EndProject
Project("{FAE04EC0-301F-11D3-BF4B-00C04F79EFBC}") = "efdb", "efdb\efdb.csproj", "{9771DA28-681B-48C8-9D8A-584B861562F8}"
EndProject
Project("{9A19103F-16F7-4668-BE54-9A1E7A4F7556}") = "efc", "efc\efc.csproj", "{FDD18CDD-EF80-4785-96E8-8E681A66B46B}"
EndProject
Project("{FAE04EC0-301F-11D3-BF4B-00C04F79EFBC}") = "Mediator", "Mediator\Mediator.csproj", "{B8128272-D63E-470C-8D5D-5082F8618FFB}"
EndProject
Global
	GlobalSection(SolutionConfigurationPlatforms) = preSolution
		Debug|Any CPU = Debug|Any CPU
		Release|Any CPU = Release|Any CPU
	EndGlobalSection
	GlobalSection(ProjectConfigurationPlatforms) = postSolution
		{9B56DAA6-1D29-4761-9261-FE5994091FBD}.Debug|Any CPU.ActiveCfg = Debug|Any CPU
		{9B56DAA6-1D29-4761-9261-FE5994091FBD}.Debug|Any CPU.Build.0 = Debug|Any CPU
		{9B56DAA6-1D29-4761-9261-FE5994091FBD}.Release|Any CPU.ActiveCfg = Release|Any CPU
		{9B56DAA6-1D29-4761-9261-FE5994091FBD}.Release|Any CPU.Build.0 = Release|Any CPU
		{98080723-0566-4D03-A981-7687E9FA62CE}.Debug|Any CPU.ActiveCfg = Debug|Any CPU
		{98080723-0566-4D03-A981-7687E9FA62CE}.Debug|Any CPU.Build.0 = Debug|Any CPU
		{98080723-0566-4D03-A981-7687E9FA62CE}.Release|Any CPU.ActiveCfg = Release|Any CPU
		{98080723-0566-4D03-A981-7687E9FA62CE}.Release|Any CPU.Build.0 = Release|Any CPU
		{2CB21CC4-53E1-4748-8049-2869B6C77959}.Debug|Any CPU.ActiveCfg = Debug|Any CPU
		{2CB21CC4-53E1-4748-8049-2869B6C77959}.Debug|Any CPU.Build.0 = Debug|Any CPU
		{2CB21CC4-53E1-4748-8049-2869B6C77959}.Release|Any CPU.ActiveCfg = Release|Any CPU
		{2CB21CC4-53E1-4748-8049-2869B6C77959}.Release|Any CPU.Build.0 = Release|Any CPU
		{2024AEA4-F4E4-40EF-899E-C2D920C10FC9}.Debug|Any CPU.ActiveCfg = Debug|Any CPU
		{2024AEA4-F4E4-40EF-899E-C2D920C10FC9}.Debug|Any CPU.Build.0 = Debug|Any CPU
		{2024AEA4-F4E4-40EF-899E-C2D920C10FC9}.Release|Any CPU.ActiveCfg = Release|Any CPU
		{2024AEA4-F4E4-40EF-899E-C2D920C10FC9}.Release|Any CPU.Build.0 = Release|Any CPU
		{9771DA28-681B-48C8-9D8A-584B861562F8}.Debug|Any CPU.ActiveCfg = Debug|Any CPU
		{9771DA28-681B-48C8-9D8A-584B861562F8}.Debug|Any CPU.Build.0 = Debug|Any CPU
		{9771DA28-681B-48C8-9D8A-584B861562F8}.Release|Any CPU.ActiveCfg = Release|Any CPU
		{9771DA28-681B-48C8-9D8A-584B861562F8}.Release|Any CPU.Build.0 = Release|Any CPU
		{FDD18CDD-EF80-4785-96E8-8E681A66B46B}.Debug|Any CPU.ActiveCfg = Debug|Any CPU
		{FDD18CDD-EF80-4785-96E8-8E681A66B46B}.Debug|Any CPU.Build.0 = Debug|Any CPU
		{FDD18CDD-EF80-4785-96E8-8E681A66B46B}.Release|Any CPU.ActiveCfg = Release|Any CPU
		{FDD18CDD-EF80-4785-96E8-8E681A66B46B}.Release|Any CPU.Build.0 = Release|Any CPU
		{B8128272-D63E-470C-8D5D-5082F8618FFB}.Debug|Any CPU.ActiveCfg = Debug|Any CPU
		{B8128272-D63E-470C-8D5D-5082F8618FFB}.Debug|Any CPU.Build.0 = Debug|Any CPU
		{B8128272-D63E-470C-8D5D-5082F8618FFB}.Release|Any CPU.ActiveCfg = Release|Any CPU
		{B8128272-D63E-470C-8D5D-5082F8618FFB}.Release|Any CPU.Build.0 = Release|Any CPU
	EndGlobalSection
	GlobalSection(SolutionProperties) = preSolution
		HideSolutionNode = FALSE
	EndGlobalSection
	GlobalSection(ExtensibilityGlobals) = postSolution
		SolutionGuid = {937BA6CC-D68A-42EF-BE41-1B1E7AE21A32}
	EndGlobalSection
EndGlobal
